// !$*UTF8*$!
{
	archiveVersion = 1;
	classes = {
	};
	objectVersion = 56;
	objects = {

/* Begin PBXBuildFile section */
		51B7D8BBEE591882BA4EE2F2 /* Pods_FCM_sample.framework in Frameworks */ = {isa = PBXBuildFile; fileRef = 00E37053EAF6DF68346F563B /* Pods_FCM_sample.framework */; };
		B4B3E7FD2DC21E500043BDEE /* AppDelegate.swift in Sources */ = {isa = PBXBuildFile; fileRef = B4B3E7FC2DC21E500043BDEE /* AppDelegate.swift */; };
		B4B3E7FF2DC21E500043BDEE /* SceneDelegate.swift in Sources */ = {isa = PBXBuildFile; fileRef = B4B3E7FE2DC21E500043BDEE /* SceneDelegate.swift */; };
		B4B3E8012DC21E500043BDEE /* ViewController.swift in Sources */ = {isa = PBXBuildFile; fileRef = B4B3E8002DC21E500043BDEE /* ViewController.swift */; };
		B4B3E8042DC21E500043BDEE /* Main.storyboard in Resources */ = {isa = PBXBuildFile; fileRef = B4B3E8022DC21E500043BDEE /* Main.storyboard */; };
		B4B3E8062DC21E510043BDEE /* Assets.xcassets in Resources */ = {isa = PBXBuildFile; fileRef = B4B3E8052DC21E510043BDEE /* Assets.xcassets */; };
		B4B3E8092DC21E510043BDEE /* LaunchScreen.storyboard in Resources */ = {isa = PBXBuildFile; fileRef = B4B3E8072DC21E510043BDEE /* LaunchScreen.storyboard */; };
		B4B3E81C2DC231DA0043BDEE /* GoogleService-Info.plist in Resources */ = {isa = PBXBuildFile; fileRef = B4B3E81B2DC231DA0043BDEE /* GoogleService-Info.plist */; };
/* End PBXBuildFile section */

/* Begin PBXFileReference section */
		00E37053EAF6DF68346F563B /* Pods_FCM_sample.framework */ = {isa = PBXFileReference; explicitFileType = wrapper.framework; includeInIndex = 0; path = Pods_FCM_sample.framework; sourceTree = BUILT_PRODUCTS_DIR; };
		9F34B892D7C7D66C319213B1 /* Pods-FCM sample.release.xcconfig */ = {isa = PBXFileReference; includeInIndex = 1; lastKnownFileType = text.xcconfig; name = "Pods-FCM sample.release.xcconfig"; path = "Target Support Files/Pods-FCM sample/Pods-FCM sample.release.xcconfig"; sourceTree = "<group>"; };
		B0A5606329BB39662B8BF8B4 /* Pods-FCM sample.debug.xcconfig */ = {isa = PBXFileReference; includeInIndex = 1; lastKnownFileType = text.xcconfig; name = "Pods-FCM sample.debug.xcconfig"; path = "Target Support Files/Pods-FCM sample/Pods-FCM sample.debug.xcconfig"; sourceTree = "<group>"; };
		B4B3E7F92DC21E500043BDEE /* FCM sample.app */ = {isa = PBXFileReference; explicitFileType = wrapper.application; includeInIndex = 0; path = "FCM sample.app"; sourceTree = BUILT_PRODUCTS_DIR; };
		B4B3E7FC2DC21E500043BDEE /* AppDelegate.swift */ = {isa = PBXFileReference; lastKnownFileType = sourcecode.swift; path = AppDelegate.swift; sourceTree = "<group>"; };
		B4B3E7FE2DC21E500043BDEE /* SceneDelegate.swift */ = {isa = PBXFileReference; lastKnownFileType = sourcecode.swift; path = SceneDelegate.swift; sourceTree = "<group>"; };
		B4B3E8002DC21E500043BDEE /* ViewController.swift */ = {isa = PBXFileReference; lastKnownFileType = sourcecode.swift; path = ViewController.swift; sourceTree = "<group>"; };
		B4B3E8032DC21E500043BDEE /* Base */ = {isa = PBXFileReference; lastKnownFileType = file.storyboard; name = Base; path = Base.lproj/Main.storyboard; sourceTree = "<group>"; };
		B4B3E8052DC21E510043BDEE /* Assets.xcassets */ = {isa = PBXFileReference; lastKnownFileType = folder.assetcatalog; path = Assets.xcassets; sourceTree = "<group>"; };
		B4B3E8082DC21E510043BDEE /* Base */ = {isa = PBXFileReference; lastKnownFileType = file.storyboard; name = Base; path = Base.lproj/LaunchScreen.storyboard; sourceTree = "<group>"; };
		B4B3E80A2DC21E510043BDEE /* Info.plist */ = {isa = PBXFileReference; lastKnownFileType = text.plist.xml; path = Info.plist; sourceTree = "<group>"; };
		B4B3E81B2DC231DA0043BDEE /* GoogleService-Info.plist */ = {isa = PBXFileReference; fileEncoding = 4; lastKnownFileType = text.plist.xml; path = "GoogleService-Info.plist"; sourceTree = "<group>"; };
		B4B3E81D2DC249B50043BDEE /* FCM sample.entitlements */ = {isa = PBXFileReference; lastKnownFileType = text.plist.entitlements; path = "FCM sample.entitlements"; sourceTree = "<group>"; };
/* End PBXFileReference section */

/* Begin PBXFrameworksBuildPhase section */
		B4B3E7F62DC21E500043BDEE /* Frameworks */ = {
			isa = PBXFrameworksBuildPhase;
			buildActionMask = 2147483647;
			files = (
				51B7D8BBEE591882BA4EE2F2 /* Pods_FCM_sample.framework in Frameworks */,
			);
			runOnlyForDeploymentPostprocessing = 0;
		};
/* End PBXFrameworksBuildPhase section */

/* Begin PBXGroup section */
		3C921A0FAB2DFA82B84D9A94 /* Pods */ = {
			isa = PBXGroup;
			children = (
				B0A5606329BB39662B8BF8B4 /* Pods-FCM sample.debug.xcconfig */,
				9F34B892D7C7D66C319213B1 /* Pods-FCM sample.release.xcconfig */,
			);
			path = Pods;
			sourceTree = "<group>";
		};
		AC41ED3FB0BBD838CBB9CCD0 /* Frameworks */ = {
			isa = PBXGroup;
			children = (
				00E37053EAF6DF68346F563B /* Pods_FCM_sample.framework */,
			);
			name = Frameworks;
			sourceTree = "<group>";
		};
		B4B3E7F02DC21E4F0043BDEE = {
			isa = PBXGroup;
			children = (
				B4B3E7FB2DC21E500043BDEE /* FCM sample */,
				B4B3E7FA2DC21E500043BDEE /* Products */,
				3C921A0FAB2DFA82B84D9A94 /* Pods */,
				AC41ED3FB0BBD838CBB9CCD0 /* Frameworks */,
			);
			sourceTree = "<group>";
		};
		B4B3E7FA2DC21E500043BDEE /* Products */ = {
			isa = PBXGroup;
			children = (
				B4B3E7F92DC21E500043BDEE /* FCM sample.app */,
			);
			name = Products;
			sourceTree = "<group>";
		};
		B4B3E7FB2DC21E500043BDEE /* FCM sample */ = {
			isa = PBXGroup;
			children = (
				B4B3E81D2DC249B50043BDEE /* FCM sample.entitlements */,
				B4B3E81B2DC231DA0043BDEE /* GoogleService-Info.plist */,
				B4B3E7FC2DC21E500043BDEE /* AppDelegate.swift */,
				B4B3E7FE2DC21E500043BDEE /* SceneDelegate.swift */,
				B4B3E8002DC21E500043BDEE /* ViewController.swift */,
				B4B3E8022DC21E500043BDEE /* Main.storyboard */,
				B4B3E8052DC21E510043BDEE /* Assets.xcassets */,
				B4B3E8072DC21E510043BDEE /* LaunchScreen.storyboard */,
				B4B3E80A2DC21E510043BDEE /* Info.plist */,
			);
			path = "FCM sample";
			sourceTree = "<group>";
		};
/* End PBXGroup section */

/* Begin PBXNativeTarget section */
		B4B3E7F82DC21E500043BDEE /* FCM sample */ = {
			isa = PBXNativeTarget;
			buildConfigurationList = B4B3E80D2DC21E510043BDEE /* Build configuration list for PBXNativeTarget "FCM sample" */;
			buildPhases = (
				5EDC9116C4391EF531CA6D7A /* [CP] Check Pods Manifest.lock */,
				B4B3E7F52DC21E500043BDEE /* Sources */,
				B4B3E7F62DC21E500043BDEE /* Frameworks */,
				B4B3E7F72DC21E500043BDEE /* Resources */,
			);
			buildRules = (
			);
			dependencies = (
			);
			name = "FCM sample";
			productName = "FCM sample";
			productReference = B4B3E7F92DC21E500043BDEE /* FCM sample.app */;
			productType = "com.apple.product-type.application";
		};
/* End PBXNativeTarget section */

/* Begin PBXProject section */
		B4B3E7F12DC21E4F0043BDEE /* Project object */ = {
			isa = PBXProject;
			attributes = {
				BuildIndependentTargetsInParallel = 1;
				LastSwiftUpdateCheck = 1520;
				LastUpgradeCheck = 1520;
				TargetAttributes = {
					B4B3E7F82DC21E500043BDEE = {
						CreatedOnToolsVersion = 15.2;
					};
				};
			};
			buildConfigurationList = B4B3E7F42DC21E4F0043BDEE /* Build configuration list for PBXProject "FCM sample" */;
			compatibilityVersion = "Xcode 14.0";
			developmentRegion = en;
			hasScannedForEncodings = 0;
			knownRegions = (
				en,
				Base,
			);
			mainGroup = B4B3E7F02DC21E4F0043BDEE;
			packageReferences = (
				B45762462DC816C300CCC94E /* XCRemoteSwiftPackageReference "firebase-ios-sdk" */,
			);
			productRefGroup = B4B3E7FA2DC21E500043BDEE /* Products */;
			projectDirPath = "";
			projectRoot = "";
			targets = (
				B4B3E7F82DC21E500043BDEE /* FCM sample */,
			);
		};
/* End PBXProject section */

/* Begin PBXResourcesBuildPhase section */
		B4B3E7F72DC21E500043BDEE /* Resources */ = {
			isa = PBXResourcesBuildPhase;
			buildActionMask = 2147483647;
			files = (
				B4B3E8092DC21E510043BDEE /* LaunchScreen.storyboard in Resources */,
				B4B3E81C2DC231DA0043BDEE /* GoogleService-Info.plist in Resources */,
				B4B3E8062DC21E510043BDEE /* Assets.xcassets in Resources */,
				B4B3E8042DC21E500043BDEE /* Main.storyboard in Resources */,
			);
			runOnlyForDeploymentPostprocessing = 0;
		};
/* End PBXResourcesBuildPhase section */

/* Begin PBXShellScriptBuildPhase section */
		5EDC9116C4391EF531CA6D7A /* [CP] Check Pods Manifest.lock */ = {
			isa = PBXShellScriptBuildPhase;
			buildActionMask = 2147483647;
			files = (
			);
			inputFileListPaths = (
			);
			inputPaths = (
				"${PODS_PODFILE_DIR_PATH}/Podfile.lock",
				"${PODS_ROOT}/Manifest.lock",
			);
			name = "[CP] Check Pods Manifest.lock";
			outputFileListPaths = (
			);
			outputPaths = (
				"$(DERIVED_FILE_DIR)/Pods-FCM sample-checkManifestLockResult.txt",
			);
			runOnlyForDeploymentPostprocessing = 0;
			shellPath = /bin/sh;
			shellScript = "diff \"${PODS_PODFILE_DIR_PATH}/Podfile.lock\" \"${PODS_ROOT}/Manifest.lock\" > /dev/null\nif [ $? != 0 ] ; then\n    # print error to STDERR\n    echo \"error: The sandbox is not in sync with the Podfile.lock. Run 'pod install' or update your CocoaPods installation.\" >&2\n    exit 1\nfi\n# This output is used by Xcode 'outputs' to avoid re-running this script phase.\necho \"SUCCESS\" > \"${SCRIPT_OUTPUT_FILE_0}\"\n";
			showEnvVarsInLog = 0;
		};
/* End PBXShellScriptBuildPhase section */

/* Begin PBXSourcesBuildPhase section */
		B4B3E7F52DC21E500043BDEE /* Sources */ = {
			isa = PBXSourcesBuildPhase;
			buildActionMask = 2147483647;
			files = (
				B4B3E8012DC21E500043BDEE /* ViewController.swift in Sources */,
				B4B3E7FD2DC21E500043BDEE /* AppDelegate.swift in Sources */,
				B4B3E7FF2DC21E500043BDEE /* SceneDelegate.swift in Sources */,
			);
			runOnlyForDeploymentPostprocessing = 0;
		};
/* End PBXSourcesBuildPhase section */

/* Begin PBXVariantGroup section */
		B4B3E8022DC21E500043BDEE /* Main.storyboard */ = {
			isa = PBXVariantGroup;
			children = (
				B4B3E8032DC21E500043BDEE /* Base */,
			);
			name = Main.storyboard;
			sourceTree = "<group>";
		};
		B4B3E8072DC21E510043BDEE /* LaunchScreen.storyboard */ = {
			isa = PBXVariantGroup;
			children = (
				B4B3E8082DC21E510043BDEE /* Base */,
			);
			name = LaunchScreen.storyboard;
			sourceTree = "<group>";
		};
/* End PBXVariantGroup section */

/* Begin XCBuildConfiguration section */
		B4B3E80B2DC21E510043BDEE /* Debug */ = {
			isa = XCBuildConfiguration;
			buildSettings = {
				ALWAYS_SEARCH_USER_PATHS = NO;
				ASSETCATALOG_COMPILER_GENERATE_SWIFT_ASSET_SYMBOL_EXTENSIONS = YES;
				CLANG_ANALYZER_NONNULL = YES;
				CLANG_ANALYZER_NUMBER_OBJECT_CONVERSION = YES_AGGRESSIVE;
				CLANG_CXX_LANGUAGE_STANDARD = "gnu++20";
				CLANG_ENABLE_MODULES = YES;
				CLANG_ENABLE_OBJC_ARC = YES;
				CLANG_ENABLE_OBJC_WEAK = YES;
				CLANG_WARN_BLOCK_CAPTURE_AUTORELEASING = YES;
				CLANG_WARN_BOOL_CONVERSION = YES;
				CLANG_WARN_COMMA = YES;
				CLANG_WARN_CONSTANT_CONVERSION = YES;
				CLANG_WARN_DEPRECATED_OBJC_IMPLEMENTATIONS = YES;
				CLANG_WARN_DIRECT_OBJC_ISA_USAGE = YES_ERROR;
				CLANG_WARN_DOCUMENTATION_COMMENTS = YES;
				CLANG_WARN_EMPTY_BODY = YES;
				CLANG_WARN_ENUM_CONVERSION = YES;
				CLANG_WARN_INFINITE_RECURSION = YES;
				CLANG_WARN_INT_CONVERSION = YES;
				CLANG_WARN_NON_LITERAL_NULL_CONVERSION = YES;
				CLANG_WARN_OBJC_IMPLICIT_RETAIN_SELF = YES;
				CLANG_WARN_OBJC_LITERAL_CONVERSION = YES;
				CLANG_WARN_OBJC_ROOT_CLASS = YES_ERROR;
				CLANG_WARN_QUOTED_INCLUDE_IN_FRAMEWORK_HEADER = YES;
				CLANG_WARN_RANGE_LOOP_ANALYSIS = YES;
				CLANG_WARN_STRICT_PROTOTYPES = YES;
				CLANG_WARN_SUSPICIOUS_MOVE = YES;
				CLANG_WARN_UNGUARDED_AVAILABILITY = YES_AGGRESSIVE;
				CLANG_WARN_UNREACHABLE_CODE = YES;
				CLANG_WARN__DUPLICATE_METHOD_MATCH = YES;
				COPY_PHASE_STRIP = NO;
				DEBUG_INFORMATION_FORMAT = dwarf;
				ENABLE_STRICT_OBJC_MSGSEND = YES;
				ENABLE_TESTABILITY = YES;
				ENABLE_USER_SCRIPT_SANDBOXING = YES;
				GCC_C_LANGUAGE_STANDARD = gnu17;
				GCC_DYNAMIC_NO_PIC = NO;
				GCC_NO_COMMON_BLOCKS = YES;
				GCC_OPTIMIZATION_LEVEL = 0;
				GCC_PREPROCESSOR_DEFINITIONS = (
					"DEBUG=1",
					"$(inherited)",
				);
				GCC_WARN_64_TO_32_BIT_CONVERSION = YES;
				GCC_WARN_ABOUT_RETURN_TYPE = YES_ERROR;
				GCC_WARN_UNDECLARED_SELECTOR = YES;
				GCC_WARN_UNINITIALIZED_AUTOS = YES_AGGRESSIVE;
				GCC_WARN_UNUSED_FUNCTION = YES;
				GCC_WARN_UNUSED_VARIABLE = YES;
				IPHONEOS_DEPLOYMENT_TARGET = 17.2;
				LOCALIZATION_PREFERS_STRING_CATALOGS = YES;
				MTL_ENABLE_DEBUG_INFO = INCLUDE_SOURCE;
				MTL_FAST_MATH = YES;
				ONLY_ACTIVE_ARCH = YES;
				SDKROOT = iphoneos;
				SWIFT_ACTIVE_COMPILATION_CONDITIONS = "DEBUG $(inherited)";
				SWIFT_OPTIMIZATION_LEVEL = "-Onone";
			};
			name = Debug;
		};
		B4B3E80C2DC21E510043BDEE /* Release */ = {
			isa = XCBuildConfiguration;
			buildSettings = {
				ALWAYS_SEARCH_USER_PATHS = NO;
				ASSETCATALOG_COMPILER_GENERATE_SWIFT_ASSET_SYMBOL_EXTENSIONS = YES;
				CLANG_ANALYZER_NONNULL = YES;
				CLANG_ANALYZER_NUMBER_OBJECT_CONVERSION = YES_AGGRESSIVE;
				CLANG_CXX_LANGUAGE_STANDARD = "gnu++20";
				CLANG_ENABLE_MODULES = YES;
				CLANG_ENABLE_OBJC_ARC = YES;
				CLANG_ENABLE_OBJC_WEAK = YES;
				CLANG_WARN_BLOCK_CAPTURE_AUTORELEASING = YES;
				CLANG_WARN_BOOL_CONVERSION = YES;
				CLANG_WARN_COMMA = YES;
				CLANG_WARN_CONSTANT_CONVERSION = YES;
				CLANG_WARN_DEPRECATED_OBJC_IMPLEMENTATIONS = YES;
				CLANG_WARN_DIRECT_OBJC_ISA_USAGE = YES_ERROR;
				CLANG_WARN_DOCUMENTATION_COMMENTS = YES;
				CLANG_WARN_EMPTY_BODY = YES;
				CLANG_WARN_ENUM_CONVERSION = YES;
				CLANG_WARN_INFINITE_RECURSION = YES;
				CLANG_WARN_INT_CONVERSION = YES;
				CLANG_WARN_NON_LITERAL_NULL_CONVERSION = YES;
				CLANG_WARN_OBJC_IMPLICIT_RETAIN_SELF = YES;
				CLANG_WARN_OBJC_LITERAL_CONVERSION = YES;
				CLANG_WARN_OBJC_ROOT_CLASS = YES_ERROR;
				CLANG_WARN_QUOTED_INCLUDE_IN_FRAMEWORK_HEADER = YES;
				CLANG_WARN_RANGE_LOOP_ANALYSIS = YES;
				CLANG_WARN_STRICT_PROTOTYPES = YES;
				CLANG_WARN_SUSPICIOUS_MOVE = YES;
				CLANG_WARN_UNGUARDED_AVAILABILITY = YES_AGGRESSIVE;
				CLANG_WARN_UNREACHABLE_CODE = YES;
				CLANG_WARN__DUPLICATE_METHOD_MATCH = YES;
				COPY_PHASE_STRIP = NO;
				DEBUG_INFORMATION_FORMAT = "dwarf-with-dsym";
				ENABLE_NS_ASSERTIONS = NO;
				ENABLE_STRICT_OBJC_MSGSEND = YES;
				ENABLE_USER_SCRIPT_SANDBOXING = YES;
				GCC_C_LANGUAGE_STANDARD = gnu17;
				GCC_NO_COMMON_BLOCKS = YES;
				GCC_WARN_64_TO_32_BIT_CONVERSION = YES;
				GCC_WARN_ABOUT_RETURN_TYPE = YES_ERROR;
				GCC_WARN_UNDECLARED_SELECTOR = YES;
				GCC_WARN_UNINITIALIZED_AUTOS = YES_AGGRESSIVE;
				GCC_WARN_UNUSED_FUNCTION = YES;
				GCC_WARN_UNUSED_VARIABLE = YES;
				IPHONEOS_DEPLOYMENT_TARGET = 17.2;
				LOCALIZATION_PREFERS_STRING_CATALOGS = YES;
				MTL_ENABLE_DEBUG_INFO = NO;
				MTL_FAST_MATH = YES;
				SDKROOT = iphoneos;
				SWIFT_COMPILATION_MODE = wholemodule;
				VALIDATE_PRODUCT = YES;
			};
			name = Release;
		};
		B4B3E80E2DC21E510043BDEE /* Debug */ = {
			isa = XCBuildConfiguration;
			baseConfigurationReference = B0A5606329BB39662B8BF8B4 /* Pods-FCM sample.debug.xcconfig */;
			buildSettings = {
				ASSETCATALOG_COMPILER_APPICON_NAME = AppIcon;
				ASSETCATALOG_COMPILER_GLOBAL_ACCENT_COLOR_NAME = AccentColor;
				CODE_SIGN_ENTITLEMENTS = "FCM sample/FCM sample.entitlements";
				CODE_SIGN_IDENTITY = "Apple Development";
				CODE_SIGN_STYLE = Automatic;
				CURRENT_PROJECT_VERSION = 1;
				DEVELOPMENT_TEAM = Z9ZX33M6A4;
				ENABLE_USER_SCRIPT_SANDBOXING = NO;
				GENERATE_INFOPLIST_FILE = YES;
				INFOPLIST_FILE = "FCM sample/Info.plist";
				INFOPLIST_KEY_UIApplicationSupportsIndirectInputEvents = YES;
				INFOPLIST_KEY_UILaunchStoryboardName = LaunchScreen;
				INFOPLIST_KEY_UIMainStoryboardFile = Main;
				INFOPLIST_KEY_UISupportedInterfaceOrientations_iPad = "UIInterfaceOrientationPortrait UIInterfaceOrientationPortraitUpsideDown UIInterfaceOrientationLandscapeLeft UIInterfaceOrientationLandscapeRight";
				INFOPLIST_KEY_UISupportedInterfaceOrientations_iPhone = "UIInterfaceOrientationPortrait UIInterfaceOrientationLandscapeLeft UIInterfaceOrientationLandscapeRight";
				LD_RUNPATH_SEARCH_PATHS = (
					"$(inherited)",
					"@executable_path/Frameworks",
				);
				MARKETING_VERSION = 1.0;
				OTHER_SWIFT_FLAGS = "";
				PRODUCT_BUNDLE_IDENTIFIER = com.bablive.temp;
				PRODUCT_NAME = "$(TARGET_NAME)";
				PROVISIONING_PROFILE_SPECIFIER = "";
				SWIFT_EMIT_LOC_STRINGS = YES;
				SWIFT_VERSION = 5.0;
				TARGETED_DEVICE_FAMILY = "1,2";
			};
			name = Debug;
		};
		B4B3E80F2DC21E510043BDEE /* Release */ = {
			isa = XCBuildConfiguration;
			baseConfigurationReference = 9F34B892D7C7D66C319213B1 /* Pods-FCM sample.release.xcconfig */;
			buildSettings = {
				ASSETCATALOG_COMPILER_APPICON_NAME = AppIcon;
				ASSETCATALOG_COMPILER_GLOBAL_ACCENT_COLOR_NAME = AccentColor;
				CODE_SIGN_ENTITLEMENTS = "FCM sample/FCM sample.entitlements";
				CODE_SIGN_IDENTITY = "Apple Development";
				CODE_SIGN_STYLE = Automatic;
				CURRENT_PROJECT_VERSION = 1;
				DEVELOPMENT_TEAM = Z9ZX33M6A4;
				ENABLE_USER_SCRIPT_SANDBOXING = NO;
				GENERATE_INFOPLIST_FILE = YES;
				INFOPLIST_FILE = "FCM sample/Info.plist";
				INFOPLIST_KEY_UIApplicationSupportsIndirectInputEvents = YES;
				INFOPLIST_KEY_UILaunchStoryboardName = LaunchScreen;
				INFOPLIST_KEY_UIMainStoryboardFile = Main;
				INFOPLIST_KEY_UISupportedInterfaceOrientations_iPad = "UIInterfaceOrientationPortrait UIInterfaceOrientationPortraitUpsideDown UIInterfaceOrientationLandscapeLeft UIInterfaceOrientationLandscapeRight";
				INFOPLIST_KEY_UISupportedInterfaceOrientations_iPhone = "UIInterfaceOrientationPortrait UIInterfaceOrientationLandscapeLeft UIInterfaceOrientationLandscapeRight";
				LD_RUNPATH_SEARCH_PATHS = (
					"$(inherited)",
					"@executable_path/Frameworks",
				);
				MARKETING_VERSION = 1.0;
				OTHER_SWIFT_FLAGS = "";
				PRODUCT_BUNDLE_IDENTIFIER = com.bablive.temp;
				PRODUCT_NAME = "$(TARGET_NAME)";
				PROVISIONING_PROFILE_SPECIFIER = "";
				SWIFT_EMIT_LOC_STRINGS = YES;
				SWIFT_VERSION = 5.0;
				TARGETED_DEVICE_FAMILY = "1,2";
			};
			name = Release;
		};
/* End XCBuildConfiguration section */

/* Begin XCConfigurationList section */
		B4B3E7F42DC21E4F0043BDEE /* Build configuration list for PBXProject "FCM sample" */ = {
			isa = XCConfigurationList;
			buildConfigurations = (
				B4B3E80B2DC21E510043BDEE /* Debug */,
				B4B3E80C2DC21E510043BDEE /* Release */,
			);
			defaultConfigurationIsVisible = 0;
			defaultConfigurationName = Release;
		};
		B4B3E80D2DC21E510043BDEE /* Build configuration list for PBXNativeTarget "FCM sample" */ = {
			isa = XCConfigurationList;
			buildConfigurations = (
				B4B3E80E2DC21E510043BDEE /* Debug */,
				B4B3E80F2DC21E510043BDEE /* Release */,
			);
			defaultConfigurationIsVisible = 0;
			defaultConfigurationName = Release;
		};
/* End XCConfigurationList section */

/* Begin XCRemoteSwiftPackageReference section */
		B45762462DC816C300CCC94E /* XCRemoteSwiftPackageReference "firebase-ios-sdk" */ = {
			isa = XCRemoteSwiftPackageReference;
			repositoryURL = "https://github.com/firebase/firebase-ios-sdk";
			requirement = {
				kind = exactVersion;
				version = 10.25.0;
			};
		};
/* End XCRemoteSwiftPackageReference section */
	};
	rootObject = B4B3E7F12DC21E4F0043BDEE /* Project object */;
}
